
Microsoft Visual Studio Solution File, Format Version 12.00
# Visual Studio Version 16
VisualStudioVersion = 16.0.29920.165
MinimumVisualStudioVersion = 10.0.40219.1
Project("{FAE04EC0-301F-11D3-BF4B-00C04F79EFBC}") = "PreparedToGPSS", "PreparedToGPSS\PreparedToGPSS.csproj", "{015B64BD-DDF6-42B2-881B-4D7ADECB9839}"
EndProject
Global
	GlobalSection(SolutionConfigurationPlatforms) = preSolution
		Debug|Any CPU = Debug|Any CPU
		Release|Any CPU = Release|Any CPU
	EndGlobalSection
	GlobalSection(ProjectConfigurationPlatforms) = postSolution
		{015B64BD-DDF6-42B2-881B-4D7ADECB9839}.Debug|Any CPU.ActiveCfg = Debug|Any CPU
		{015B64BD-DDF6-42B2-881B-4D7ADECB9839}.Debug|Any CPU.Build.0 = Debug|Any CPU
		{015B64BD-DDF6-42B2-881B-4D7ADECB9839}.Release|Any CPU.ActiveCfg = Release|Any CPU
		{015B64BD-DDF6-42B2-881B-4D7ADECB9839}.Release|Any CPU.Build.0 = Release|Any CPU
	EndGlobalSection
	GlobalSection(SolutionProperties) = preSolution
		HideSolutionNode = FALSE
	EndGlobalSection
	GlobalSection(ExtensibilityGlobals) = postSolution
		SolutionGuid = {093985F4-C847-4102-920C-8CA09A9922FA}
	EndGlobalSection
EndGlobal
